
Microsoft Visual Studio Solution File, Format Version 12.00
# Visual Studio Version 17
VisualStudioVersion = 17.1.31911.260
MinimumVisualStudioVersion = 10.0.40219.1
Project("{9A19103F-16F7-4668-BE54-9A1E7A4F7556}") = "SteamAuthenticatorCore.Shared", "src\SteamAuthenticatorCore.Shared\SteamAuthenticatorCore.Shared.csproj", "{671232B5-A884-4367-A69D-58AEF3EB01F7}"
EndProject
Project("{9A19103F-16F7-4668-BE54-9A1E7A4F7556}") = "SteamAuthCore", "src\SteamAuthCore\SteamAuthCore.csproj", "{34466B4D-C15C-421A-B0BD-7FAA3B1FF89C}"
EndProject
Project("{9A19103F-16F7-4668-BE54-9A1E7A4F7556}") = "SteamAuthenticatorCore.Maui", "src\SteamAuthenticatorCore.Maui\SteamAuthenticatorCore.Maui.csproj", "{219B7917-15E8-4A12-8144-59E9548407C5}"
EndProject
Project("{9A19103F-16F7-4668-BE54-9A1E7A4F7556}") = "SteamAuthenticatorCore.Desktop", "src\SteamAuthenticatorCore.Wpf\SteamAuthenticatorCore.Desktop.csproj", "{847243EA-941B-4093-A4B9-0F9E0759FE82}"
EndProject
Global
	GlobalSection(SolutionConfigurationPlatforms) = preSolution
		Debug|Any CPU = Debug|Any CPU
		Release|Any CPU = Release|Any CPU
	EndGlobalSection
	GlobalSection(ProjectConfigurationPlatforms) = postSolution
		{671232B5-A884-4367-A69D-58AEF3EB01F7}.Debug|Any CPU.ActiveCfg = Debug|Any CPU
		{671232B5-A884-4367-A69D-58AEF3EB01F7}.Debug|Any CPU.Build.0 = Debug|Any CPU
		{671232B5-A884-4367-A69D-58AEF3EB01F7}.Release|Any CPU.ActiveCfg = Release|Any CPU
		{671232B5-A884-4367-A69D-58AEF3EB01F7}.Release|Any CPU.Build.0 = Release|Any CPU
		{34466B4D-C15C-421A-B0BD-7FAA3B1FF89C}.Debug|Any CPU.ActiveCfg = Debug|Any CPU
		{34466B4D-C15C-421A-B0BD-7FAA3B1FF89C}.Debug|Any CPU.Build.0 = Debug|Any CPU
		{34466B4D-C15C-421A-B0BD-7FAA3B1FF89C}.Release|Any CPU.ActiveCfg = Release|Any CPU
		{34466B4D-C15C-421A-B0BD-7FAA3B1FF89C}.Release|Any CPU.Build.0 = Release|Any CPU
		{219B7917-15E8-4A12-8144-59E9548407C5}.Debug|Any CPU.ActiveCfg = Debug|Any CPU
		{219B7917-15E8-4A12-8144-59E9548407C5}.Debug|Any CPU.Build.0 = Debug|Any CPU
		{219B7917-15E8-4A12-8144-59E9548407C5}.Debug|Any CPU.Deploy.0 = Debug|Any CPU
		{219B7917-15E8-4A12-8144-59E9548407C5}.Release|Any CPU.ActiveCfg = Release|Any CPU
		{219B7917-15E8-4A12-8144-59E9548407C5}.Release|Any CPU.Build.0 = Release|Any CPU
		{219B7917-15E8-4A12-8144-59E9548407C5}.Release|Any CPU.Deploy.0 = Release|Any CPU
		{847243EA-941B-4093-A4B9-0F9E0759FE82}.Debug|Any CPU.ActiveCfg = Debug|Any CPU
		{847243EA-941B-4093-A4B9-0F9E0759FE82}.Debug|Any CPU.Build.0 = Debug|Any CPU
		{847243EA-941B-4093-A4B9-0F9E0759FE82}.Release|Any CPU.ActiveCfg = Release|Any CPU
		{847243EA-941B-4093-A4B9-0F9E0759FE82}.Release|Any CPU.Build.0 = Release|Any CPU
	EndGlobalSection
	GlobalSection(SolutionProperties) = preSolution
		HideSolutionNode = FALSE
	EndGlobalSection
	GlobalSection(ExtensibilityGlobals) = postSolution
		SolutionGuid = {03A98404-F097-4449-B4E2-D2A82D25EFFF}
	EndGlobalSection
EndGlobal
