
Microsoft Visual Studio Solution File, Format Version 12.00
# Visual Studio Version 17
VisualStudioVersion = 17.1.31911.260
MinimumVisualStudioVersion = 10.0.40219.1
Project("{9A19103F-16F7-4668-BE54-9A1E7A4F7556}") = "SteamAuthenticatorCore.Shared", "src\SteamAuthenticatorCore.Shared\SteamAuthenticatorCore.Shared.csproj", "{671232B5-A884-4367-A69D-58AEF3EB01F7}"
EndProject
Project("{9A19103F-16F7-4668-BE54-9A1E7A4F7556}") = "SteamAuthenticatorCore.Desktop", "src\SteamAuthenticatorCore.Desktop\SteamAuthenticatorCore.Desktop.csproj", "{7E183D01-3B09-4A61-8B64-DCF1CBC7154D}"
EndProject
Project("{2150E333-8FDC-42A3-9474-1A3956D46DE8}") = "Dependencies", "Dependencies", "{A33AC445-C43F-49D7-8CA1-059DCFBF038F}"
EndProject
Project("{2150E333-8FDC-42A3-9474-1A3956D46DE8}") = "Mobile", "Mobile", "{A9AD6ED9-C6CE-40FE-A8DD-248E016F652B}"
EndProject
Project("{9A19103F-16F7-4668-BE54-9A1E7A4F7556}") = "SteamAuthenticatorCore.Mobile", "src\SteamAuthenticatorCore.Mobile\SteamAuthenticatorCore.Mobile.csproj", "{85D6C0EB-3B9B-49E8-870E-3D311E70F1F0}"
EndProject
Project("{FAE04EC0-301F-11D3-BF4B-00C04F79EFBC}") = "SteamAuthenticatorCore.Mobile.Android", "src\SteamAuthenticatorCore.Mobile.Android\SteamAuthenticatorCore.Mobile.Android.csproj", "{C7A53E2B-F6C5-4177-A33F-149C293173B4}"
EndProject
Project("{9A19103F-16F7-4668-BE54-9A1E7A4F7556}") = "SteamAuthCore", "src\Dependencies\SteamAuthCore\SteamAuthCore.csproj", "{34466B4D-C15C-421A-B0BD-7FAA3B1FF89C}"
EndProject
Project("{9A19103F-16F7-4668-BE54-9A1E7A4F7556}") = "GoogleDrive", "src\Dependencies\GoogleDrive\GoogleDrive.csproj", "{8B64CD43-3419-4A7D-B2C7-450123CE0D3B}"
EndProject
Project("{9A19103F-16F7-4668-BE54-9A1E7A4F7556}") = "Wpf.Ui", "src\Dependencies\wpfui\src\Wpf.Ui\Wpf.Ui.csproj", "{1ADC87D1-8963-4100-845A-18477824718E}"
EndProject
Global
	GlobalSection(SolutionConfigurationPlatforms) = preSolution
		Debug|Any CPU = Debug|Any CPU
		Release|Any CPU = Release|Any CPU
	EndGlobalSection
	GlobalSection(ProjectConfigurationPlatforms) = postSolution
		{671232B5-A884-4367-A69D-58AEF3EB01F7}.Debug|Any CPU.ActiveCfg = Debug|Any CPU
		{671232B5-A884-4367-A69D-58AEF3EB01F7}.Debug|Any CPU.Build.0 = Debug|Any CPU
		{671232B5-A884-4367-A69D-58AEF3EB01F7}.Release|Any CPU.ActiveCfg = Release|Any CPU
		{671232B5-A884-4367-A69D-58AEF3EB01F7}.Release|Any CPU.Build.0 = Release|Any CPU
		{7E183D01-3B09-4A61-8B64-DCF1CBC7154D}.Debug|Any CPU.ActiveCfg = Debug|Any CPU
		{7E183D01-3B09-4A61-8B64-DCF1CBC7154D}.Debug|Any CPU.Build.0 = Debug|Any CPU
		{7E183D01-3B09-4A61-8B64-DCF1CBC7154D}.Release|Any CPU.ActiveCfg = Release|Any CPU
		{7E183D01-3B09-4A61-8B64-DCF1CBC7154D}.Release|Any CPU.Build.0 = Release|Any CPU
		{85D6C0EB-3B9B-49E8-870E-3D311E70F1F0}.Debug|Any CPU.ActiveCfg = Debug|Any CPU
		{85D6C0EB-3B9B-49E8-870E-3D311E70F1F0}.Debug|Any CPU.Build.0 = Debug|Any CPU
		{85D6C0EB-3B9B-49E8-870E-3D311E70F1F0}.Release|Any CPU.ActiveCfg = Release|Any CPU
		{85D6C0EB-3B9B-49E8-870E-3D311E70F1F0}.Release|Any CPU.Build.0 = Release|Any CPU
		{C7A53E2B-F6C5-4177-A33F-149C293173B4}.Debug|Any CPU.ActiveCfg = Debug|Any CPU
		{C7A53E2B-F6C5-4177-A33F-149C293173B4}.Debug|Any CPU.Build.0 = Debug|Any CPU
		{C7A53E2B-F6C5-4177-A33F-149C293173B4}.Debug|Any CPU.Deploy.0 = Debug|Any CPU
		{C7A53E2B-F6C5-4177-A33F-149C293173B4}.Release|Any CPU.ActiveCfg = Release|Any CPU
		{C7A53E2B-F6C5-4177-A33F-149C293173B4}.Release|Any CPU.Build.0 = Release|Any CPU
		{C7A53E2B-F6C5-4177-A33F-149C293173B4}.Release|Any CPU.Deploy.0 = Release|Any CPU
		{34466B4D-C15C-421A-B0BD-7FAA3B1FF89C}.Debug|Any CPU.ActiveCfg = Debug|Any CPU
		{34466B4D-C15C-421A-B0BD-7FAA3B1FF89C}.Debug|Any CPU.Build.0 = Debug|Any CPU
		{34466B4D-C15C-421A-B0BD-7FAA3B1FF89C}.Release|Any CPU.ActiveCfg = Release|Any CPU
		{34466B4D-C15C-421A-B0BD-7FAA3B1FF89C}.Release|Any CPU.Build.0 = Release|Any CPU
		{8B64CD43-3419-4A7D-B2C7-450123CE0D3B}.Debug|Any CPU.ActiveCfg = Debug|Any CPU
		{8B64CD43-3419-4A7D-B2C7-450123CE0D3B}.Debug|Any CPU.Build.0 = Debug|Any CPU
		{8B64CD43-3419-4A7D-B2C7-450123CE0D3B}.Release|Any CPU.ActiveCfg = Release|Any CPU
		{8B64CD43-3419-4A7D-B2C7-450123CE0D3B}.Release|Any CPU.Build.0 = Release|Any CPU
		{1ADC87D1-8963-4100-845A-18477824718E}.Debug|Any CPU.ActiveCfg = Debug|Any CPU
		{1ADC87D1-8963-4100-845A-18477824718E}.Debug|Any CPU.Build.0 = Debug|Any CPU
		{1ADC87D1-8963-4100-845A-18477824718E}.Release|Any CPU.ActiveCfg = Release|Any CPU
		{1ADC87D1-8963-4100-845A-18477824718E}.Release|Any CPU.Build.0 = Release|Any CPU
	EndGlobalSection
	GlobalSection(SolutionProperties) = preSolution
		HideSolutionNode = FALSE
	EndGlobalSection
	GlobalSection(NestedProjects) = preSolution
		{85D6C0EB-3B9B-49E8-870E-3D311E70F1F0} = {A9AD6ED9-C6CE-40FE-A8DD-248E016F652B}
		{C7A53E2B-F6C5-4177-A33F-149C293173B4} = {A9AD6ED9-C6CE-40FE-A8DD-248E016F652B}
		{34466B4D-C15C-421A-B0BD-7FAA3B1FF89C} = {A33AC445-C43F-49D7-8CA1-059DCFBF038F}
		{8B64CD43-3419-4A7D-B2C7-450123CE0D3B} = {A33AC445-C43F-49D7-8CA1-059DCFBF038F}
		{1ADC87D1-8963-4100-845A-18477824718E} = {A33AC445-C43F-49D7-8CA1-059DCFBF038F}
	EndGlobalSection
	GlobalSection(ExtensibilityGlobals) = postSolution
		SolutionGuid = {03A98404-F097-4449-B4E2-D2A82D25EFFF}
	EndGlobalSection
EndGlobal
